
Microsoft Visual Studio Solution File, Format Version 12.00
# Visual Studio Version 17
VisualStudioVersion = 17.0.31903.59
MinimumVisualStudioVersion = 10.0.40219.1
Project("{2150E333-8FDC-42A3-9474-1A3956D46DE8}") = "src", "src", "{A3AEEF6F-B780-4F3E-83F7-752E209E8518}"
EndProject
Project("{FAE04EC0-301F-11D3-BF4B-00C04F79EFBC}") = "AuctionService", "src\AuctionService\AuctionService.csproj", "{65AB32DA-799A-4644-ACB4-446D1095AFC8}"
EndProject
Project("{FAE04EC0-301F-11D3-BF4B-00C04F79EFBC}") = "SearchService", "src\SearchService\SearchService.csproj", "{344B9B53-1350-454F-ABD8-D5640B1A2622}"
EndProject
Project("{FAE04EC0-301F-11D3-BF4B-00C04F79EFBC}") = "Contracts", "src\Contracts\Contracts.csproj", "{5C67870D-BB5B-4397-A16C-AAFD2A07912F}"
EndProject
Project("{FAE04EC0-301F-11D3-BF4B-00C04F79EFBC}") = "IdentityService", "src\IdentityService\IdentityService.csproj", "{FC96891F-EC4C-40D9-A71D-DF9EB4119145}"
EndProject
Project("{FAE04EC0-301F-11D3-BF4B-00C04F79EFBC}") = "GatewayService", "src\GatewayService\GatewayService.csproj", "{78073B88-FB4C-4CC2-A30F-8A84E0A451E7}"
EndProject
Global
	GlobalSection(SolutionConfigurationPlatforms) = preSolution
		Debug|Any CPU = Debug|Any CPU
		Release|Any CPU = Release|Any CPU
	EndGlobalSection
	GlobalSection(SolutionProperties) = preSolution
		HideSolutionNode = FALSE
	EndGlobalSection
	GlobalSection(ProjectConfigurationPlatforms) = postSolution
		{65AB32DA-799A-4644-ACB4-446D1095AFC8}.Debug|Any CPU.ActiveCfg = Debug|Any CPU
		{65AB32DA-799A-4644-ACB4-446D1095AFC8}.Debug|Any CPU.Build.0 = Debug|Any CPU
		{65AB32DA-799A-4644-ACB4-446D1095AFC8}.Release|Any CPU.ActiveCfg = Release|Any CPU
		{65AB32DA-799A-4644-ACB4-446D1095AFC8}.Release|Any CPU.Build.0 = Release|Any CPU
		{344B9B53-1350-454F-ABD8-D5640B1A2622}.Debug|Any CPU.ActiveCfg = Debug|Any CPU
		{344B9B53-1350-454F-ABD8-D5640B1A2622}.Debug|Any CPU.Build.0 = Debug|Any CPU
		{344B9B53-1350-454F-ABD8-D5640B1A2622}.Release|Any CPU.ActiveCfg = Release|Any CPU
		{344B9B53-1350-454F-ABD8-D5640B1A2622}.Release|Any CPU.Build.0 = Release|Any CPU
		{5C67870D-BB5B-4397-A16C-AAFD2A07912F}.Debug|Any CPU.ActiveCfg = Debug|Any CPU
		{5C67870D-BB5B-4397-A16C-AAFD2A07912F}.Debug|Any CPU.Build.0 = Debug|Any CPU
		{5C67870D-BB5B-4397-A16C-AAFD2A07912F}.Release|Any CPU.ActiveCfg = Release|Any CPU
		{5C67870D-BB5B-4397-A16C-AAFD2A07912F}.Release|Any CPU.Build.0 = Release|Any CPU
		{FC96891F-EC4C-40D9-A71D-DF9EB4119145}.Debug|Any CPU.ActiveCfg = Debug|Any CPU
		{FC96891F-EC4C-40D9-A71D-DF9EB4119145}.Debug|Any CPU.Build.0 = Debug|Any CPU
		{FC96891F-EC4C-40D9-A71D-DF9EB4119145}.Release|Any CPU.ActiveCfg = Release|Any CPU
		{FC96891F-EC4C-40D9-A71D-DF9EB4119145}.Release|Any CPU.Build.0 = Release|Any CPU
		{78073B88-FB4C-4CC2-A30F-8A84E0A451E7}.Debug|Any CPU.ActiveCfg = Debug|Any CPU
		{78073B88-FB4C-4CC2-A30F-8A84E0A451E7}.Debug|Any CPU.Build.0 = Debug|Any CPU
		{78073B88-FB4C-4CC2-A30F-8A84E0A451E7}.Release|Any CPU.ActiveCfg = Release|Any CPU
		{78073B88-FB4C-4CC2-A30F-8A84E0A451E7}.Release|Any CPU.Build.0 = Release|Any CPU
	EndGlobalSection
	GlobalSection(NestedProjects) = preSolution
		{65AB32DA-799A-4644-ACB4-446D1095AFC8} = {A3AEEF6F-B780-4F3E-83F7-752E209E8518}
		{344B9B53-1350-454F-ABD8-D5640B1A2622} = {A3AEEF6F-B780-4F3E-83F7-752E209E8518}
		{5C67870D-BB5B-4397-A16C-AAFD2A07912F} = {A3AEEF6F-B780-4F3E-83F7-752E209E8518}
		{FC96891F-EC4C-40D9-A71D-DF9EB4119145} = {A3AEEF6F-B780-4F3E-83F7-752E209E8518}
		{78073B88-FB4C-4CC2-A30F-8A84E0A451E7} = {A3AEEF6F-B780-4F3E-83F7-752E209E8518}
	EndGlobalSection
EndGlobal
